
Microsoft Visual Studio Solution File, Format Version 12.00
# Visual Studio Version 16
VisualStudioVersion = 16.0.29920.165
MinimumVisualStudioVersion = 10.0.40219.1
Project("{FAE04EC0-301F-11D3-BF4B-00C04F79EFBC}") = "CIPHR", "CIPHR.csproj", "{54890E4E-CB9C-4B1A-8833-30E9D13889E4}"
EndProject
Global
	GlobalSection(SolutionConfigurationPlatforms) = preSolution
		Debug|Any CPU = Debug|Any CPU
		Release|Any CPU = Release|Any CPU
	EndGlobalSection
	GlobalSection(ProjectConfigurationPlatforms) = postSolution
		{54890E4E-CB9C-4B1A-8833-30E9D13889E4}.Debug|Any CPU.ActiveCfg = Debug|Any CPU
		{54890E4E-CB9C-4B1A-8833-30E9D13889E4}.Debug|Any CPU.Build.0 = Debug|Any CPU
		{54890E4E-CB9C-4B1A-8833-30E9D13889E4}.Release|Any CPU.ActiveCfg = Release|Any CPU
		{54890E4E-CB9C-4B1A-8833-30E9D13889E4}.Release|Any CPU.Build.0 = Release|Any CPU
	EndGlobalSection
	GlobalSection(SolutionProperties) = preSolution
		HideSolutionNode = FALSE
	EndGlobalSection
	GlobalSection(ExtensibilityGlobals) = postSolution
		SolutionGuid = {FCE9A1C5-B703-44AD-A25D-73D02DF3FCB7}
	EndGlobalSection
EndGlobal
